
Microsoft Visual Studio Solution File, Format Version 12.00
# Visual Studio Version 16
VisualStudioVersion = 16.0.30804.86
MinimumVisualStudioVersion = 10.0.40219.1
Project("{9A19103F-16F7-4668-BE54-9A1E7A4F7556}") = "ReCapProject.Business", "ReCapProject.Business\ReCapProject.Business.csproj", "{28133145-3221-44D2-9A92-574BCEB48ABE}"
EndProject
Project("{9A19103F-16F7-4668-BE54-9A1E7A4F7556}") = "ReCapProject.DataAccess", "ReCapProject.DataAccess\ReCapProject.DataAccess.csproj", "{5F948CD6-B565-455F-B524-4C59942F8978}"
EndProject
Project("{9A19103F-16F7-4668-BE54-9A1E7A4F7556}") = "ReCapProject.Entities", "ReCapProject.Entities\ReCapProject.Entities.csproj", "{83B68580-BE0A-4914-94D5-9EAC09F20C18}"
EndProject
Project("{9A19103F-16F7-4668-BE54-9A1E7A4F7556}") = "ReCapProject.ConsoleUI", "ReCapProject.ConsoleUI\ReCapProject.ConsoleUI.csproj", "{9E8CBE19-D35C-486A-96BE-D9484448D561}"
EndProject
Project("{9A19103F-16F7-4668-BE54-9A1E7A4F7556}") = "ReCapProject.Core", "ReCapProject.Core\ReCapProject.Core.csproj", "{2503BF0F-7B22-4289-8C62-C5E86876A5B0}"
EndProject
Project("{FAE04EC0-301F-11D3-BF4B-00C04F79EFBC}") = "WebAPI", "WebAPI\WebAPI.csproj", "{70ED2474-E884-4EAA-BBB3-EB29F0D68E07}"
EndProject
Global
	GlobalSection(SolutionConfigurationPlatforms) = preSolution
		Debug|Any CPU = Debug|Any CPU
		Release|Any CPU = Release|Any CPU
	EndGlobalSection
	GlobalSection(ProjectConfigurationPlatforms) = postSolution
		{28133145-3221-44D2-9A92-574BCEB48ABE}.Debug|Any CPU.ActiveCfg = Debug|Any CPU
		{28133145-3221-44D2-9A92-574BCEB48ABE}.Debug|Any CPU.Build.0 = Debug|Any CPU
		{28133145-3221-44D2-9A92-574BCEB48ABE}.Release|Any CPU.ActiveCfg = Release|Any CPU
		{28133145-3221-44D2-9A92-574BCEB48ABE}.Release|Any CPU.Build.0 = Release|Any CPU
		{5F948CD6-B565-455F-B524-4C59942F8978}.Debug|Any CPU.ActiveCfg = Debug|Any CPU
		{5F948CD6-B565-455F-B524-4C59942F8978}.Debug|Any CPU.Build.0 = Debug|Any CPU
		{5F948CD6-B565-455F-B524-4C59942F8978}.Release|Any CPU.ActiveCfg = Release|Any CPU
		{5F948CD6-B565-455F-B524-4C59942F8978}.Release|Any CPU.Build.0 = Release|Any CPU
		{83B68580-BE0A-4914-94D5-9EAC09F20C18}.Debug|Any CPU.ActiveCfg = Debug|Any CPU
		{83B68580-BE0A-4914-94D5-9EAC09F20C18}.Debug|Any CPU.Build.0 = Debug|Any CPU
		{83B68580-BE0A-4914-94D5-9EAC09F20C18}.Release|Any CPU.ActiveCfg = Release|Any CPU
		{83B68580-BE0A-4914-94D5-9EAC09F20C18}.Release|Any CPU.Build.0 = Release|Any CPU
		{9E8CBE19-D35C-486A-96BE-D9484448D561}.Debug|Any CPU.ActiveCfg = Debug|Any CPU
		{9E8CBE19-D35C-486A-96BE-D9484448D561}.Debug|Any CPU.Build.0 = Debug|Any CPU
		{9E8CBE19-D35C-486A-96BE-D9484448D561}.Release|Any CPU.ActiveCfg = Release|Any CPU
		{9E8CBE19-D35C-486A-96BE-D9484448D561}.Release|Any CPU.Build.0 = Release|Any CPU
		{2503BF0F-7B22-4289-8C62-C5E86876A5B0}.Debug|Any CPU.ActiveCfg = Debug|Any CPU
		{2503BF0F-7B22-4289-8C62-C5E86876A5B0}.Debug|Any CPU.Build.0 = Debug|Any CPU
		{2503BF0F-7B22-4289-8C62-C5E86876A5B0}.Release|Any CPU.ActiveCfg = Release|Any CPU
		{2503BF0F-7B22-4289-8C62-C5E86876A5B0}.Release|Any CPU.Build.0 = Release|Any CPU
		{70ED2474-E884-4EAA-BBB3-EB29F0D68E07}.Debug|Any CPU.ActiveCfg = Debug|Any CPU
		{70ED2474-E884-4EAA-BBB3-EB29F0D68E07}.Debug|Any CPU.Build.0 = Debug|Any CPU
		{70ED2474-E884-4EAA-BBB3-EB29F0D68E07}.Release|Any CPU.ActiveCfg = Release|Any CPU
		{70ED2474-E884-4EAA-BBB3-EB29F0D68E07}.Release|Any CPU.Build.0 = Release|Any CPU
	EndGlobalSection
	GlobalSection(SolutionProperties) = preSolution
		HideSolutionNode = FALSE
	EndGlobalSection
	GlobalSection(ExtensibilityGlobals) = postSolution
		SolutionGuid = {A433AE63-D276-4B45-9EE1-81C2F0CB4E3B}
	EndGlobalSection
EndGlobal
